
Microsoft Visual Studio Solution File, Format Version 12.00
# Visual Studio 15
VisualStudioVersion = 15.0.28307.106
MinimumVisualStudioVersion = 10.0.40219.1
Project("{FAE04EC0-301F-11D3-BF4B-00C04F79EFBC}") = "TL.FeatureToggles.Tests", "TL.FeatureToggles.Tests\TL.FeatureToggles.Tests.csproj", "{A288BE62-9FDA-460F-8696-B39717CA747E}"
EndProject
Project("{9A19103F-16F7-4668-BE54-9A1E7A4F7556}") = "TL.FeatureToggles", "TL.FeatureToggles.FeatureToggle\TL.FeatureToggles.csproj", "{07BB7BB5-6D71-4A54-A053-7DB95E563696}"
EndProject
Global
	GlobalSection(SolutionConfigurationPlatforms) = preSolution
		Debug|Any CPU = Debug|Any CPU
		Release|Any CPU = Release|Any CPU
	EndGlobalSection
	GlobalSection(ProjectConfigurationPlatforms) = postSolution
		{A288BE62-9FDA-460F-8696-B39717CA747E}.Debug|Any CPU.ActiveCfg = Debug|Any CPU
		{A288BE62-9FDA-460F-8696-B39717CA747E}.Debug|Any CPU.Build.0 = Debug|Any CPU
		{A288BE62-9FDA-460F-8696-B39717CA747E}.Release|Any CPU.ActiveCfg = Release|Any CPU
		{A288BE62-9FDA-460F-8696-B39717CA747E}.Release|Any CPU.Build.0 = Release|Any CPU
		{07BB7BB5-6D71-4A54-A053-7DB95E563696}.Debug|Any CPU.ActiveCfg = Debug|Any CPU
		{07BB7BB5-6D71-4A54-A053-7DB95E563696}.Debug|Any CPU.Build.0 = Debug|Any CPU
		{07BB7BB5-6D71-4A54-A053-7DB95E563696}.Release|Any CPU.ActiveCfg = Release|Any CPU
		{07BB7BB5-6D71-4A54-A053-7DB95E563696}.Release|Any CPU.Build.0 = Release|Any CPU
	EndGlobalSection
	GlobalSection(SolutionProperties) = preSolution
		HideSolutionNode = FALSE
	EndGlobalSection
	GlobalSection(ExtensibilityGlobals) = postSolution
		SolutionGuid = {61B57B47-03AC-4FEE-BB1A-82C5C5A5274F}
	EndGlobalSection
EndGlobal
